
Microsoft Visual Studio Solution File, Format Version 12.00
# Visual Studio 15
VisualStudioVersion = 15.0.27004.2002
MinimumVisualStudioVersion = 10.0.40219.1
Project("{FAE04EC0-301F-11D3-BF4B-00C04F79EFBC}") = "MusicPlayer10", "MusicPlayer10\MusicPlayer10.csproj", "{6FEFF4AA-3834-4E0B-A8CC-E93ED87A3510}"
EndProject
Global
	GlobalSection(SolutionConfigurationPlatforms) = preSolution
		Debug|ARM = Debug|ARM
		Debug|x64 = Debug|x64
		Debug|x86 = Debug|x86
		Release|ARM = Release|ARM
		Release|x64 = Release|x64
		Release|x86 = Release|x86
	EndGlobalSection
	GlobalSection(ProjectConfigurationPlatforms) = postSolution
		{6FEFF4AA-3834-4E0B-A8CC-E93ED87A3510}.Debug|ARM.ActiveCfg = Debug|ARM
		{6FEFF4AA-3834-4E0B-A8CC-E93ED87A3510}.Debug|ARM.Build.0 = Debug|ARM
		{6FEFF4AA-3834-4E0B-A8CC-E93ED87A3510}.Debug|ARM.Deploy.0 = Debug|ARM
		{6FEFF4AA-3834-4E0B-A8CC-E93ED87A3510}.Debug|x64.ActiveCfg = Debug|x64
		{6FEFF4AA-3834-4E0B-A8CC-E93ED87A3510}.Debug|x64.Build.0 = Debug|x64
		{6FEFF4AA-3834-4E0B-A8CC-E93ED87A3510}.Debug|x64.Deploy.0 = Debug|x64
		{6FEFF4AA-3834-4E0B-A8CC-E93ED87A3510}.Debug|x86.ActiveCfg = Debug|x86
		{6FEFF4AA-3834-4E0B-A8CC-E93ED87A3510}.Debug|x86.Build.0 = Debug|x86
		{6FEFF4AA-3834-4E0B-A8CC-E93ED87A3510}.Debug|x86.Deploy.0 = Debug|x86
		{6FEFF4AA-3834-4E0B-A8CC-E93ED87A3510}.Release|ARM.ActiveCfg = Release|ARM
		{6FEFF4AA-3834-4E0B-A8CC-E93ED87A3510}.Release|ARM.Build.0 = Release|ARM
		{6FEFF4AA-3834-4E0B-A8CC-E93ED87A3510}.Release|ARM.Deploy.0 = Release|ARM
		{6FEFF4AA-3834-4E0B-A8CC-E93ED87A3510}.Release|x64.ActiveCfg = Release|x64
		{6FEFF4AA-3834-4E0B-A8CC-E93ED87A3510}.Release|x64.Build.0 = Release|x64
		{6FEFF4AA-3834-4E0B-A8CC-E93ED87A3510}.Release|x64.Deploy.0 = Release|x64
		{6FEFF4AA-3834-4E0B-A8CC-E93ED87A3510}.Release|x86.ActiveCfg = Release|x86
		{6FEFF4AA-3834-4E0B-A8CC-E93ED87A3510}.Release|x86.Build.0 = Release|x86
		{6FEFF4AA-3834-4E0B-A8CC-E93ED87A3510}.Release|x86.Deploy.0 = Release|x86
	EndGlobalSection
	GlobalSection(SolutionProperties) = preSolution
		HideSolutionNode = FALSE
	EndGlobalSection
	GlobalSection(ExtensibilityGlobals) = postSolution
		SolutionGuid = {0455656C-1E7F-4DA1-814B-8F36514DBCA3}
	EndGlobalSection
EndGlobal
